dependencies:
  espressif/esp_websocket_client:
    component_hash: 3fb288702517ef4d75bf933a115f1056ee0c2540d964f9e1d856e0bb67e1dfeb
    dependencies:
    - name: idf
      require: private
      version: '>=5.0'
    source:
      registry_url: https://components.espressif.com/
      type: service
    version: 1.7.0
  idf:
    source:
      type: idf
    version: 6.0.1
direct_dependencies:
- espressif/esp_websocket_client
manifest_hash: 8268a2c75ab440cfb907cd522bf0c99e72b89913190994e94a5e0a1d91d067b3
target: esp32s2
version: 2.0.0
