dependencies:
  espressif/esp_websocket_client:
    component_hash: 3fb288702517ef4d75bf933a115f1056ee0c2540d964f9e1d856e0bb67e1dfeb
    source:
      service_url: https://api.components.espressif.com/
      type: service
    version: 1.7.0
  idf:
    component_hash: null
    source:
      type: idf
    version: 5.4.0
manifest_hash: 2b3db84c54d5017e93d1ae96af2adec3f27c406d0c200d400c13a71963212dd6
target: esp32s2
version: 1.0.0
